
Microsoft Visual Studio Solution File, Format Version 12.00
# Visual Studio Version 17
VisualStudioVersion = 17.8.34330.188
MinimumVisualStudioVersion = 10.0.40219.1
Project("{FAE04EC0-301F-11D3-BF4B-00C04F79EFBC}") = "MvcPeliculasApiAWS", "MvcPeliculasApiAWS\MvcPeliculasApiAWS.csproj", "{62E8DE4B-90A5-4682-9B37-E3494DB70524}"
EndProject
Global
	GlobalSection(SolutionConfigurationPlatforms) = preSolution
		Debug|Any CPU = Debug|Any CPU
		Release|Any CPU = Release|Any CPU
	EndGlobalSection
	GlobalSection(ProjectConfigurationPlatforms) = postSolution
		{62E8DE4B-90A5-4682-9B37-E3494DB70524}.Debug|Any CPU.ActiveCfg = Debug|Any CPU
		{62E8DE4B-90A5-4682-9B37-E3494DB70524}.Debug|Any CPU.Build.0 = Debug|Any CPU
		{62E8DE4B-90A5-4682-9B37-E3494DB70524}.Release|Any CPU.ActiveCfg = Release|Any CPU
		{62E8DE4B-90A5-4682-9B37-E3494DB70524}.Release|Any CPU.Build.0 = Release|Any CPU
	EndGlobalSection
	GlobalSection(SolutionProperties) = preSolution
		HideSolutionNode = FALSE
	EndGlobalSection
	GlobalSection(ExtensibilityGlobals) = postSolution
		SolutionGuid = {3BECC427-99F1-4E4E-88FC-00D1149311B9}
	EndGlobalSection
EndGlobal
